
Microsoft Visual Studio Solution File, Format Version 12.00
# Visual Studio Version 17
VisualStudioVersion = 17.5.33424.131
MinimumVisualStudioVersion = 10.0.40219.1
Project("{8BC9CEB8-8B4A-11D0-8D11-00A0C91BC942}") = "hw23", "hw23\hw23.vcxproj", "{99F4DE7B-928C-47C5-B685-DA26E49B4F15}"
EndProject
Global
	GlobalSection(SolutionConfigurationPlatforms) = preSolution
		Debug|x64 = Debug|x64
		Debug|x86 = Debug|x86
		Release|x64 = Release|x64
		Release|x86 = Release|x86
	EndGlobalSection
	GlobalSection(ProjectConfigurationPlatforms) = postSolution
		{99F4DE7B-928C-47C5-B685-DA26E49B4F15}.Debug|x64.ActiveCfg = Debug|x64
		{99F4DE7B-928C-47C5-B685-DA26E49B4F15}.Debug|x64.Build.0 = Debug|x64
		{99F4DE7B-928C-47C5-B685-DA26E49B4F15}.Debug|x86.ActiveCfg = Debug|Win32
		{99F4DE7B-928C-47C5-B685-DA26E49B4F15}.Debug|x86.Build.0 = Debug|Win32
		{99F4DE7B-928C-47C5-B685-DA26E49B4F15}.Release|x64.ActiveCfg = Release|x64
		{99F4DE7B-928C-47C5-B685-DA26E49B4F15}.Release|x64.Build.0 = Release|x64
		{99F4DE7B-928C-47C5-B685-DA26E49B4F15}.Release|x86.ActiveCfg = Release|Win32
		{99F4DE7B-928C-47C5-B685-DA26E49B4F15}.Release|x86.Build.0 = Release|Win32
	EndGlobalSection
	GlobalSection(SolutionProperties) = preSolution
		HideSolutionNode = FALSE
	EndGlobalSection
	GlobalSection(ExtensibilityGlobals) = postSolution
		SolutionGuid = {05CF826D-68C0-4AA4-A3B5-2E74F8F72944}
	EndGlobalSection
EndGlobal
